
Microsoft Visual Studio Solution File, Format Version 12.00
# Visual Studio Version 16
VisualStudioVersion = 16.0.31019.35
MinimumVisualStudioVersion = 10.0.40219.1
Project("{8BC9CEB8-8B4A-11D0-8D11-00A0C91BC942}") = "PE-13", "PE-13\PE-13.vcxproj", "{55291A45-9FC3-4E83-89D3-25B87A15200A}"
EndProject
Global
	GlobalSection(SolutionConfigurationPlatforms) = preSolution
		Debug|x64 = Debug|x64
		Debug|x86 = Debug|x86
		Release|x64 = Release|x64
		Release|x86 = Release|x86
	EndGlobalSection
	GlobalSection(ProjectConfigurationPlatforms) = postSolution
		{55291A45-9FC3-4E83-89D3-25B87A15200A}.Debug|x64.ActiveCfg = Debug|x64
		{55291A45-9FC3-4E83-89D3-25B87A15200A}.Debug|x64.Build.0 = Debug|x64
		{55291A45-9FC3-4E83-89D3-25B87A15200A}.Debug|x86.ActiveCfg = Debug|Win32
		{55291A45-9FC3-4E83-89D3-25B87A15200A}.Debug|x86.Build.0 = Debug|Win32
		{55291A45-9FC3-4E83-89D3-25B87A15200A}.Release|x64.ActiveCfg = Release|x64
		{55291A45-9FC3-4E83-89D3-25B87A15200A}.Release|x64.Build.0 = Release|x64
		{55291A45-9FC3-4E83-89D3-25B87A15200A}.Release|x86.ActiveCfg = Release|Win32
		{55291A45-9FC3-4E83-89D3-25B87A15200A}.Release|x86.Build.0 = Release|Win32
	EndGlobalSection
	GlobalSection(SolutionProperties) = preSolution
		HideSolutionNode = FALSE
	EndGlobalSection
	GlobalSection(ExtensibilityGlobals) = postSolution
		SolutionGuid = {2C416AA6-4F4D-4457-BDD1-56CB74A8B023}
	EndGlobalSection
EndGlobal
